
Microsoft Visual Studio Solution File, Format Version 12.00
# Visual Studio 14
VisualStudioVersion = 14.0.25420.1
MinimumVisualStudioVersion = 10.0.40219.1
Project("{FAE04EC0-301F-11D3-BF4B-00C04F79EFBC}") = "CAB.Interface", "CAB.Interface\CAB.Interface.csproj", "{7B56328D-B450-4E57-9E49-108EF39A79F4}"
EndProject
Project("{FAE04EC0-301F-11D3-BF4B-00C04F79EFBC}") = "CAB.HostApplication", "CAB.HostApplication\CAB.HostApplication.csproj", "{10855144-E23E-4603-8AF7-584DD9AB6AB2}"
EndProject
Project("{FAE04EC0-301F-11D3-BF4B-00C04F79EFBC}") = "CAB.ConsoleLogger", "CAB.ConsoleLogger\CAB.ConsoleLogger.csproj", "{DF290C4B-14DE-457A-826B-32D526A5B378}"
EndProject
Project("{FAE04EC0-301F-11D3-BF4B-00C04F79EFBC}") = "CAB.ExportLibrary", "CAB.ExportLibrary\CAB.ExportLibrary.csproj", "{B13C9B8D-3A46-4EEC-B577-8BE9794F3113}"
EndProject
Project("{FAE04EC0-301F-11D3-BF4B-00C04F79EFBC}") = "CAB.UnitTest", "CAB.UnitTest\CAB.UnitTest.csproj", "{F96C83C1-32FD-425B-B7C6-6CD7ADB2925E}"
EndProject
Project("{FAE04EC0-301F-11D3-BF4B-00C04F79EFBC}") = "CAB.ClassLibrary", "CAB.ClassLibrary\CAB.ClassLibrary.csproj", "{53130B50-0F9A-4AA5-86FF-75C2115763AB}"
EndProject
Global
	GlobalSection(SolutionConfigurationPlatforms) = preSolution
		Debug|Any CPU = Debug|Any CPU
		Debug|ARM = Debug|ARM
		Debug|x64 = Debug|x64
		Debug|x86 = Debug|x86
		Release|Any CPU = Release|Any CPU
		Release|ARM = Release|ARM
		Release|x64 = Release|x64
		Release|x86 = Release|x86
	EndGlobalSection
	GlobalSection(ProjectConfigurationPlatforms) = postSolution
		{7B56328D-B450-4E57-9E49-108EF39A79F4}.Debug|Any CPU.ActiveCfg = Debug|Any CPU
		{7B56328D-B450-4E57-9E49-108EF39A79F4}.Debug|Any CPU.Build.0 = Debug|Any CPU
		{7B56328D-B450-4E57-9E49-108EF39A79F4}.Debug|ARM.ActiveCfg = Debug|Any CPU
		{7B56328D-B450-4E57-9E49-108EF39A79F4}.Debug|ARM.Build.0 = Debug|Any CPU
		{7B56328D-B450-4E57-9E49-108EF39A79F4}.Debug|x64.ActiveCfg = Debug|Any CPU
		{7B56328D-B450-4E57-9E49-108EF39A79F4}.Debug|x64.Build.0 = Debug|Any CPU
		{7B56328D-B450-4E57-9E49-108EF39A79F4}.Debug|x86.ActiveCfg = Debug|Any CPU
		{7B56328D-B450-4E57-9E49-108EF39A79F4}.Debug|x86.Build.0 = Debug|Any CPU
		{7B56328D-B450-4E57-9E49-108EF39A79F4}.Release|Any CPU.ActiveCfg = Release|Any CPU
		{7B56328D-B450-4E57-9E49-108EF39A79F4}.Release|Any CPU.Build.0 = Release|Any CPU
		{7B56328D-B450-4E57-9E49-108EF39A79F4}.Release|ARM.ActiveCfg = Release|Any CPU
		{7B56328D-B450-4E57-9E49-108EF39A79F4}.Release|ARM.Build.0 = Release|Any CPU
		{7B56328D-B450-4E57-9E49-108EF39A79F4}.Release|x64.ActiveCfg = Release|Any CPU
		{7B56328D-B450-4E57-9E49-108EF39A79F4}.Release|x64.Build.0 = Release|Any CPU
		{7B56328D-B450-4E57-9E49-108EF39A79F4}.Release|x86.ActiveCfg = Release|Any CPU
		{7B56328D-B450-4E57-9E49-108EF39A79F4}.Release|x86.Build.0 = Release|Any CPU
		{10855144-E23E-4603-8AF7-584DD9AB6AB2}.Debug|Any CPU.ActiveCfg = Debug|Any CPU
		{10855144-E23E-4603-8AF7-584DD9AB6AB2}.Debug|Any CPU.Build.0 = Debug|Any CPU
		{10855144-E23E-4603-8AF7-584DD9AB6AB2}.Debug|ARM.ActiveCfg = Debug|Any CPU
		{10855144-E23E-4603-8AF7-584DD9AB6AB2}.Debug|ARM.Build.0 = Debug|Any CPU
		{10855144-E23E-4603-8AF7-584DD9AB6AB2}.Debug|x64.ActiveCfg = Debug|Any CPU
		{10855144-E23E-4603-8AF7-584DD9AB6AB2}.Debug|x64.Build.0 = Debug|Any CPU
		{10855144-E23E-4603-8AF7-584DD9AB6AB2}.Debug|x86.ActiveCfg = Debug|Any CPU
		{10855144-E23E-4603-8AF7-584DD9AB6AB2}.Debug|x86.Build.0 = Debug|Any CPU
		{10855144-E23E-4603-8AF7-584DD9AB6AB2}.Release|Any CPU.ActiveCfg = Release|Any CPU
		{10855144-E23E-4603-8AF7-584DD9AB6AB2}.Release|Any CPU.Build.0 = Release|Any CPU
		{10855144-E23E-4603-8AF7-584DD9AB6AB2}.Release|ARM.ActiveCfg = Release|Any CPU
		{10855144-E23E-4603-8AF7-584DD9AB6AB2}.Release|ARM.Build.0 = Release|Any CPU
		{10855144-E23E-4603-8AF7-584DD9AB6AB2}.Release|x64.ActiveCfg = Release|Any CPU
		{10855144-E23E-4603-8AF7-584DD9AB6AB2}.Release|x64.Build.0 = Release|Any CPU
		{10855144-E23E-4603-8AF7-584DD9AB6AB2}.Release|x86.ActiveCfg = Release|Any CPU
		{10855144-E23E-4603-8AF7-584DD9AB6AB2}.Release|x86.Build.0 = Release|Any CPU
		{DF290C4B-14DE-457A-826B-32D526A5B378}.Debug|Any CPU.ActiveCfg = Debug|Any CPU
		{DF290C4B-14DE-457A-826B-32D526A5B378}.Debug|Any CPU.Build.0 = Debug|Any CPU
		{DF290C4B-14DE-457A-826B-32D526A5B378}.Debug|ARM.ActiveCfg = Debug|Any CPU
		{DF290C4B-14DE-457A-826B-32D526A5B378}.Debug|ARM.Build.0 = Debug|Any CPU
		{DF290C4B-14DE-457A-826B-32D526A5B378}.Debug|x64.ActiveCfg = Debug|Any CPU
		{DF290C4B-14DE-457A-826B-32D526A5B378}.Debug|x64.Build.0 = Debug|Any CPU
		{DF290C4B-14DE-457A-826B-32D526A5B378}.Debug|x86.ActiveCfg = Debug|Any CPU
		{DF290C4B-14DE-457A-826B-32D526A5B378}.Debug|x86.Build.0 = Debug|Any CPU
		{DF290C4B-14DE-457A-826B-32D526A5B378}.Release|Any CPU.ActiveCfg = Release|Any CPU
		{DF290C4B-14DE-457A-826B-32D526A5B378}.Release|Any CPU.Build.0 = Release|Any CPU
		{DF290C4B-14DE-457A-826B-32D526A5B378}.Release|ARM.ActiveCfg = Release|Any CPU
		{DF290C4B-14DE-457A-826B-32D526A5B378}.Release|ARM.Build.0 = Release|Any CPU
		{DF290C4B-14DE-457A-826B-32D526A5B378}.Release|x64.ActiveCfg = Release|Any CPU
		{DF290C4B-14DE-457A-826B-32D526A5B378}.Release|x64.Build.0 = Release|Any CPU
		{DF290C4B-14DE-457A-826B-32D526A5B378}.Release|x86.ActiveCfg = Release|Any CPU
		{DF290C4B-14DE-457A-826B-32D526A5B378}.Release|x86.Build.0 = Release|Any CPU
		{B13C9B8D-3A46-4EEC-B577-8BE9794F3113}.Debug|Any CPU.ActiveCfg = Debug|Any CPU
		{B13C9B8D-3A46-4EEC-B577-8BE9794F3113}.Debug|Any CPU.Build.0 = Debug|Any CPU
		{B13C9B8D-3A46-4EEC-B577-8BE9794F3113}.Debug|ARM.ActiveCfg = Debug|Any CPU
		{B13C9B8D-3A46-4EEC-B577-8BE9794F3113}.Debug|ARM.Build.0 = Debug|Any CPU
		{B13C9B8D-3A46-4EEC-B577-8BE9794F3113}.Debug|x64.ActiveCfg = Debug|Any CPU
		{B13C9B8D-3A46-4EEC-B577-8BE9794F3113}.Debug|x64.Build.0 = Debug|Any CPU
		{B13C9B8D-3A46-4EEC-B577-8BE9794F3113}.Debug|x86.ActiveCfg = Debug|Any CPU
		{B13C9B8D-3A46-4EEC-B577-8BE9794F3113}.Debug|x86.Build.0 = Debug|Any CPU
		{B13C9B8D-3A46-4EEC-B577-8BE9794F3113}.Release|Any CPU.ActiveCfg = Release|Any CPU
		{B13C9B8D-3A46-4EEC-B577-8BE9794F3113}.Release|Any CPU.Build.0 = Release|Any CPU
		{B13C9B8D-3A46-4EEC-B577-8BE9794F3113}.Release|ARM.ActiveCfg = Release|Any CPU
		{B13C9B8D-3A46-4EEC-B577-8BE9794F3113}.Release|ARM.Build.0 = Release|Any CPU
		{B13C9B8D-3A46-4EEC-B577-8BE9794F3113}.Release|x64.ActiveCfg = Release|Any CPU
		{B13C9B8D-3A46-4EEC-B577-8BE9794F3113}.Release|x64.Build.0 = Release|Any CPU
		{B13C9B8D-3A46-4EEC-B577-8BE9794F3113}.Release|x86.ActiveCfg = Release|Any CPU
		{B13C9B8D-3A46-4EEC-B577-8BE9794F3113}.Release|x86.Build.0 = Release|Any CPU
		{F96C83C1-32FD-425B-B7C6-6CD7ADB2925E}.Debug|Any CPU.ActiveCfg = Debug|Any CPU
		{F96C83C1-32FD-425B-B7C6-6CD7ADB2925E}.Debug|Any CPU.Build.0 = Debug|Any CPU
		{F96C83C1-32FD-425B-B7C6-6CD7ADB2925E}.Debug|ARM.ActiveCfg = Debug|Any CPU
		{F96C83C1-32FD-425B-B7C6-6CD7ADB2925E}.Debug|ARM.Build.0 = Debug|Any CPU
		{F96C83C1-32FD-425B-B7C6-6CD7ADB2925E}.Debug|x64.ActiveCfg = Debug|Any CPU
		{F96C83C1-32FD-425B-B7C6-6CD7ADB2925E}.Debug|x64.Build.0 = Debug|Any CPU
		{F96C83C1-32FD-425B-B7C6-6CD7ADB2925E}.Debug|x86.ActiveCfg = Debug|Any CPU
		{F96C83C1-32FD-425B-B7C6-6CD7ADB2925E}.Debug|x86.Build.0 = Debug|Any CPU
		{F96C83C1-32FD-425B-B7C6-6CD7ADB2925E}.Release|Any CPU.ActiveCfg = Release|Any CPU
		{F96C83C1-32FD-425B-B7C6-6CD7ADB2925E}.Release|Any CPU.Build.0 = Release|Any CPU
		{F96C83C1-32FD-425B-B7C6-6CD7ADB2925E}.Release|ARM.ActiveCfg = Release|Any CPU
		{F96C83C1-32FD-425B-B7C6-6CD7ADB2925E}.Release|ARM.Build.0 = Release|Any CPU
		{F96C83C1-32FD-425B-B7C6-6CD7ADB2925E}.Release|x64.ActiveCfg = Release|Any CPU
		{F96C83C1-32FD-425B-B7C6-6CD7ADB2925E}.Release|x64.Build.0 = Release|Any CPU
		{F96C83C1-32FD-425B-B7C6-6CD7ADB2925E}.Release|x86.ActiveCfg = Release|Any CPU
		{F96C83C1-32FD-425B-B7C6-6CD7ADB2925E}.Release|x86.Build.0 = Release|Any CPU
		{53130B50-0F9A-4AA5-86FF-75C2115763AB}.Debug|Any CPU.ActiveCfg = Debug|Any CPU
		{53130B50-0F9A-4AA5-86FF-75C2115763AB}.Debug|Any CPU.Build.0 = Debug|Any CPU
		{53130B50-0F9A-4AA5-86FF-75C2115763AB}.Debug|ARM.ActiveCfg = Debug|Any CPU
		{53130B50-0F9A-4AA5-86FF-75C2115763AB}.Debug|ARM.Build.0 = Debug|Any CPU
		{53130B50-0F9A-4AA5-86FF-75C2115763AB}.Debug|x64.ActiveCfg = Debug|Any CPU
		{53130B50-0F9A-4AA5-86FF-75C2115763AB}.Debug|x64.Build.0 = Debug|Any CPU
		{53130B50-0F9A-4AA5-86FF-75C2115763AB}.Debug|x86.ActiveCfg = Debug|Any CPU
		{53130B50-0F9A-4AA5-86FF-75C2115763AB}.Debug|x86.Build.0 = Debug|Any CPU
		{53130B50-0F9A-4AA5-86FF-75C2115763AB}.Release|Any CPU.ActiveCfg = Release|Any CPU
		{53130B50-0F9A-4AA5-86FF-75C2115763AB}.Release|Any CPU.Build.0 = Release|Any CPU
		{53130B50-0F9A-4AA5-86FF-75C2115763AB}.Release|ARM.ActiveCfg = Release|Any CPU
		{53130B50-0F9A-4AA5-86FF-75C2115763AB}.Release|ARM.Build.0 = Release|Any CPU
		{53130B50-0F9A-4AA5-86FF-75C2115763AB}.Release|x64.ActiveCfg = Release|Any CPU
		{53130B50-0F9A-4AA5-86FF-75C2115763AB}.Release|x64.Build.0 = Release|Any CPU
		{53130B50-0F9A-4AA5-86FF-75C2115763AB}.Release|x86.ActiveCfg = Release|Any CPU
		{53130B50-0F9A-4AA5-86FF-75C2115763AB}.Release|x86.Build.0 = Release|Any CPU
	EndGlobalSection
	GlobalSection(SolutionProperties) = preSolution
		HideSolutionNode = FALSE
	EndGlobalSection
EndGlobal
